
Microsoft Visual Studio Solution File, Format Version 12.00
# Visual Studio Version 17
VisualStudioVersion = 17.9.34701.34
MinimumVisualStudioVersion = 10.0.40219.1
Project("{9A19103F-16F7-4668-BE54-9A1E7A4F7556}") = "TimeTest", "TimeTest.csproj", "{3FC78DE3-4A9F-4ACC-8EAD-6FB817298964}"
EndProject
Global
	GlobalSection(SolutionConfigurationPlatforms) = preSolution
		Debug|Any CPU = Debug|Any CPU
		Release|Any CPU = Release|Any CPU
	EndGlobalSection
	GlobalSection(ProjectConfigurationPlatforms) = postSolution
		{3FC78DE3-4A9F-4ACC-8EAD-6FB817298964}.Debug|Any CPU.ActiveCfg = Debug|Any CPU
		{3FC78DE3-4A9F-4ACC-8EAD-6FB817298964}.Debug|Any CPU.Build.0 = Debug|Any CPU
		{3FC78DE3-4A9F-4ACC-8EAD-6FB817298964}.Release|Any CPU.ActiveCfg = Release|Any CPU
		{3FC78DE3-4A9F-4ACC-8EAD-6FB817298964}.Release|Any CPU.Build.0 = Release|Any CPU
	EndGlobalSection
	GlobalSection(SolutionProperties) = preSolution
		HideSolutionNode = FALSE
	EndGlobalSection
	GlobalSection(ExtensibilityGlobals) = postSolution
		SolutionGuid = {2291CB0A-6C5F-409D-9BD3-12EFFE04A2DA}
	EndGlobalSection
EndGlobal
